
Microsoft Visual Studio Solution File, Format Version 12.00
# Visual Studio Version 17
VisualStudioVersion = 17.4.33205.214
MinimumVisualStudioVersion = 10.0.40219.1
Project("{9A19103F-16F7-4668-BE54-9A1E7A4F7556}") = "video-winforms", "video-winforms\video-winforms.csproj", "{9BD26963-1C7A-48B8-9C37-271C8ACBAD83}"
EndProject
Global
	GlobalSection(SolutionConfigurationPlatforms) = preSolution
		Debug|Any CPU = Debug|Any CPU
		Release|Any CPU = Release|Any CPU
	EndGlobalSection
	GlobalSection(ProjectConfigurationPlatforms) = postSolution
		{9BD26963-1C7A-48B8-9C37-271C8ACBAD83}.Debug|Any CPU.ActiveCfg = Debug|Any CPU
		{9BD26963-1C7A-48B8-9C37-271C8ACBAD83}.Debug|Any CPU.Build.0 = Debug|Any CPU
		{9BD26963-1C7A-48B8-9C37-271C8ACBAD83}.Release|Any CPU.ActiveCfg = Release|Any CPU
		{9BD26963-1C7A-48B8-9C37-271C8ACBAD83}.Release|Any CPU.Build.0 = Release|Any CPU
	EndGlobalSection
	GlobalSection(SolutionProperties) = preSolution
		HideSolutionNode = FALSE
	EndGlobalSection
	GlobalSection(ExtensibilityGlobals) = postSolution
		SolutionGuid = {0D66DE33-70EA-4F4A-920D-559201314360}
	EndGlobalSection
EndGlobal
